<?xml version="1.0" encoding="utf-8"?>
<Project ToolsVersion="4.0" xmlns="http://schemas.microsoft.com/developer/msbuild/2003">
  <ItemGroup>
    <Filter Include="Base Objects">
      <UniqueIdentifier>{a7b3af14-91b1-472f-aa1f-76220aa7f047}</UniqueIdentifier>
    </Filter>
    <Filter Include="Base Objects\Map">
      <UniqueIdentifier>{1ee2d058-3f1b-4dfb-9734-44422659b272}</UniqueIdentifier>
    </Filter>
    <Filter Include="Base Objects\Singular">
      <UniqueIdentifier>{8b5bd7d5-600f-4f80-a004-cc282c5fbe44}</UniqueIdentifier>
    </Filter>
    <Filter Include="Base Objects\Multiple">
      <UniqueIdentifier>{6511d8ee-d07b-40cc-b080-2ae25769ac5e}</UniqueIdentifier>
    </Filter>
    <Filter Include="Game Objects">
      <UniqueIdentifier>{4fb47192-8242-47c9-9d87-ec58057bec12}</UniqueIdentifier>
    </Filter>
    <Filter Include="Base Objects\Singular\Event">
      <UniqueIdentifier>{6ee1daf0-d813-4d0a-85c7-43a09ca025e3}</UniqueIdentifier>
    </Filter>
    <Filter Include="Base Objects\Singular\Hit">
      <UniqueIdentifier>{b7c5ef07-a61b-4264-bb9d-6d2cb44c790a}</UniqueIdentifier>
    </Filter>
    <Filter Include="Helpers">
      <UniqueIdentifier>{a12a8b62-6545-4f30-bdc4-e4c002bf16fa}</UniqueIdentifier>
    </Filter>
    <Filter Include="Game Objects\Osu">
      <UniqueIdentifier>{99fae255-cf41-469e-8b4e-57920a6d9854}</UniqueIdentifier>
    </Filter>
    <Filter Include="Game Objects\Osu\Map">
      <UniqueIdentifier>{79b96909-9440-441c-b3b9-7403b7764b52}</UniqueIdentifier>
    </Filter>
    <Filter Include="Game Objects\Osu\Multiple">
      <UniqueIdentifier>{6e0810a9-70a9-4032-848e-2d5974286d16}</UniqueIdentifier>
    </Filter>
    <Filter Include="Game Objects\Osu\Singular">
      <UniqueIdentifier>{0c5e2838-051e-40f1-aea6-cdf78cdb5ea0}</UniqueIdentifier>
    </Filter>
    <Filter Include="Others">
      <UniqueIdentifier>{a5c66fae-8a5c-4485-b2ac-aee2ee7f735c}</UniqueIdentifier>
    </Filter>
    <Filter Include="Game Objects\Osu\Singular\Hit">
      <UniqueIdentifier>{7d2c894e-96b1-4ccc-9bcc-90771aec41ab}</UniqueIdentifier>
    </Filter>
    <Filter Include="Game Objects\Osu\Singular\Event">
      <UniqueIdentifier>{d51dc7d4-a446-4105-882e-66457ef0b09e}</UniqueIdentifier>
    </Filter>
    <Filter Include="Game Objects\SM">
      <UniqueIdentifier>{dc07b2e0-cd56-4c1f-848c-d5be5be58511}</UniqueIdentifier>
    </Filter>
    <Filter Include="Game Objects\SM\Map">
      <UniqueIdentifier>{2e899894-83b6-4fa6-a9c0-31584bc65f68}</UniqueIdentifier>
    </Filter>
    <Filter Include="Game Objects\SM\Multiple">
      <UniqueIdentifier>{f35f85d3-e6b5-400c-9cdc-7bc94c09797f}</UniqueIdentifier>
    </Filter>
    <Filter Include="Game Objects\SM\Singular">
      <UniqueIdentifier>{cc67e4d2-09a9-416e-bd64-96d8bebc2651}</UniqueIdentifier>
    </Filter>
    <Filter Include="Game Objects\SM\Singular\Event">
      <UniqueIdentifier>{e858a788-b43c-48d0-908c-f49ee3951c92}</UniqueIdentifier>
    </Filter>
    <Filter Include="Game Objects\SM\Singular\Hit">
      <UniqueIdentifier>{8ae26c5e-72f9-4818-bbc5-429114a9912b}</UniqueIdentifier>
    </Filter>
  </ItemGroup>
  <ItemGroup>
    <ClInclude Include="BaseObjects\Singular\Event\EventObject.h">
      <Filter>Base Objects\Singular\Event</Filter>
    </ClInclude>
    <ClInclude Include="BaseObjects\Multiple\EventObjectVector.h">
      <Filter>Base Objects\Multiple</Filter>
    </ClInclude>
    <ClInclude Include="BaseObjects\Singular\Hit\HitObject.h">
      <Filter>Base Objects\Singular\Hit</Filter>
    </ClInclude>
    <ClInclude Include="BaseObjects\Multiple\HitObjectVector.h">
      <Filter>Base Objects\Multiple</Filter>
    </ClInclude>
    <ClInclude Include="BaseObjects\Singular\Hit\LongNote.h">
      <Filter>Base Objects\Singular\Hit</Filter>
    </ClInclude>
    <ClInclude Include="BaseObjects\Singular\Hit\NormalNote.h">
      <Filter>Base Objects\Singular\Hit</Filter>
    </ClInclude>
    <ClInclude Include="BaseObjects\Singular\Event\ScrollPoint.h">
      <Filter>Base Objects\Singular\Event</Filter>
    </ClInclude>
    <ClInclude Include="BaseObjects\Singular\TimedObject.h">
      <Filter>Base Objects\Singular</Filter>
    </ClInclude>
    <ClInclude Include="BaseObjects\Multiple\TimedObjectVector.h">
      <Filter>Base Objects\Multiple</Filter>
    </ClInclude>
    <ClInclude Include="BaseObjects\Singular\Event\TimingPoint.h">
      <Filter>Base Objects\Singular\Event</Filter>
    </ClInclude>
    <ClInclude Include="BaseObjects\Map\VsrgMap.h">
      <Filter>Base Objects\Map</Filter>
    </ClInclude>
    <ClInclude Include="GameObjects\Osu\Map\VsrgMapOsu.h">
      <Filter>Game Objects\Osu\Map</Filter>
    </ClInclude>
    <ClInclude Include="GameObjects\Osu\Map\VsrgMapOsuParams.h">
      <Filter>Game Objects\Osu\Map</Filter>
    </ClInclude>
    <ClInclude Include="BaseObjects\Map\VsrgMapParams.h">
      <Filter>Base Objects\Map</Filter>
    </ClInclude>
    <ClInclude Include="Others\stdafx.h">
      <Filter>Others</Filter>
    </ClInclude>
    <ClInclude Include="GameObjects\Osu\Singular\Hit\NormalNoteOsu.h">
      <Filter>Game Objects\Osu\Singular\Hit</Filter>
    </ClInclude>
    <ClInclude Include="GameObjects\Osu\Singular\Hit\LongNoteOsu.h">
      <Filter>Game Objects\Osu\Singular\Hit</Filter>
    </ClInclude>
    <ClInclude Include="GameObjects\Osu\Singular\Event\ScrollPointOsu.h">
      <Filter>Game Objects\Osu\Singular\Event</Filter>
    </ClInclude>
    <ClInclude Include="GameObjects\Osu\Singular\Event\TimingPointOsu.h">
      <Filter>Game Objects\Osu\Singular\Event</Filter>
    </ClInclude>
    <ClInclude Include="GameObjects\Osu\Singular\Hit\HitParamsOsu.h">
      <Filter>Game Objects\Osu\Singular\Hit</Filter>
    </ClInclude>
    <ClInclude Include="Helpers\MiscHelper.h">
      <Filter>Helpers</Filter>
    </ClInclude>
    <ClInclude Include="GameObjects\Osu\Singular\Event\EventParamsOsu.h">
      <Filter>Game Objects\Osu\Singular\Event</Filter>
    </ClInclude>
    <ClInclude Include="GameObjects\Osu\Multiple\EventObjectVectorOsu.h">
      <Filter>Game Objects\Osu\Multiple</Filter>
    </ClInclude>
    <ClInclude Include="GameObjects\Osu\Multiple\HitObjectVectorOsu.h">
      <Filter>Game Objects\Osu\Multiple</Filter>
    </ClInclude>
    <ClInclude Include="GameObjects\SM\Multiple\EventObjectVectorSM.h">
      <Filter>Game Objects\SM\Multiple</Filter>
    </ClInclude>
    <ClInclude Include="GameObjects\SM\Multiple\HitObjectVectorSM.h">
      <Filter>Game Objects\SM\Multiple</Filter>
    </ClInclude>
    <ClInclude Include="GameObjects\SM\Singular\Event\EventParamsSM.h">
      <Filter>Game Objects\SM\Singular\Event</Filter>
    </ClInclude>
    <ClInclude Include="GameObjects\SM\Singular\Hit\HitParamsSM.h">
      <Filter>Game Objects\SM\Singular\Hit</Filter>
    </ClInclude>
    <ClInclude Include="GameObjects\SM\Singular\Hit\LongNoteSM.h">
      <Filter>Game Objects\SM\Singular\Hit</Filter>
    </ClInclude>
    <ClInclude Include="GameObjects\SM\Singular\Hit\NormalNoteSM.h">
      <Filter>Game Objects\SM\Singular\Hit</Filter>
    </ClInclude>
    <ClInclude Include="GameObjects\SM\Singular\Event\ScrollPointSM.h">
      <Filter>Game Objects\SM\Singular\Event</Filter>
    </ClInclude>
    <ClInclude Include="GameObjects\SM\Singular\Event\TimingPointSM.h">
      <Filter>Game Objects\SM\Singular\Event</Filter>
    </ClInclude>
    <ClInclude Include="GameObjects\SM\Map\VsrgMapSM.h">
      <Filter>Game Objects\SM\Map</Filter>
    </ClInclude>
    <ClInclude Include="GameObjects\SM\Map\VsrgMapSMParams.h">
      <Filter>Game Objects\SM\Map</Filter>
    </ClInclude>
    <ClInclude Include="GameObjects\SM\Singular\Hit\RollNoteSM.h">
      <Filter>Game Objects\SM\Singular\Hit</Filter>
    </ClInclude>
    <ClInclude Include="GameObjects\SM\Singular\Hit\MineNoteSM.h">
      <Filter>Game Objects\SM\Singular\Hit</Filter>
    </ClInclude>
  </ItemGroup>
  <ItemGroup>
    <ClCompile Include="BaseObjects\Singular\Event\EventObject.cpp">
      <Filter>Base Objects\Singular\Event</Filter>
    </ClCompile>
    <ClCompile Include="BaseObjects\Multiple\EventObjectVector.cpp">
      <Filter>Base Objects\Multiple</Filter>
    </ClCompile>
    <ClCompile Include="BaseObjects\Singular\Hit\HitObject.cpp">
      <Filter>Base Objects\Singular\Hit</Filter>
    </ClCompile>
    <ClCompile Include="BaseObjects\Multiple\HitObjectVector.cpp">
      <Filter>Base Objects\Multiple</Filter>
    </ClCompile>
    <ClCompile Include="BaseObjects\Singular\Hit\LongNote.cpp">
      <Filter>Base Objects\Singular\Hit</Filter>
    </ClCompile>
    <ClCompile Include="BaseObjects\Singular\Hit\NormalNote.cpp">
      <Filter>Base Objects\Singular\Hit</Filter>
    </ClCompile>
    <ClCompile Include="BaseObjects\Singular\Event\ScrollPoint.cpp">
      <Filter>Base Objects\Singular\Event</Filter>
    </ClCompile>
    <ClCompile Include="BaseObjects\Singular\TimedObject.cpp">
      <Filter>Base Objects\Singular</Filter>
    </ClCompile>
    <ClCompile Include="BaseObjects\Multiple\TimedObjectVector.cpp">
      <Filter>Base Objects\Multiple</Filter>
    </ClCompile>
    <ClCompile Include="BaseObjects\Singular\Event\TimingPoint.cpp">
      <Filter>Base Objects\Singular\Event</Filter>
    </ClCompile>
    <ClCompile Include="BaseObjects\Map\VsrgMap.cpp">
      <Filter>Base Objects\Map</Filter>
    </ClCompile>
    <ClCompile Include="GameObjects\Osu\Map\VsrgMapOsu.cpp">
      <Filter>Game Objects\Osu\Map</Filter>
    </ClCompile>
    <ClCompile Include="GameObjects\Osu\Map\VsrgMapOsuParams.cpp">
      <Filter>Game Objects\Osu\Map</Filter>
    </ClCompile>
    <ClCompile Include="BaseObjects\Map\VsrgMapParams.cpp">
      <Filter>Base Objects\Map</Filter>
    </ClCompile>
    <ClCompile Include="Others\dllmain.cpp">
      <Filter>Others</Filter>
    </ClCompile>
    <ClCompile Include="Others\stdafx.cpp">
      <Filter>Others</Filter>
    </ClCompile>
    <ClCompile Include="Others\vsrg.cpp">
      <Filter>Others</Filter>
    </ClCompile>
    <ClCompile Include="GameObjects\Osu\Singular\Hit\NormalNoteOsu.cpp">
      <Filter>Game Objects\Osu\Singular\Hit</Filter>
    </ClCompile>
    <ClCompile Include="GameObjects\Osu\Singular\Hit\LongNoteOsu.cpp">
      <Filter>Game Objects\Osu\Singular\Hit</Filter>
    </ClCompile>
    <ClCompile Include="GameObjects\Osu\Singular\Event\ScrollPointOsu.cpp">
      <Filter>Game Objects\Osu\Singular\Event</Filter>
    </ClCompile>
    <ClCompile Include="GameObjects\Osu\Singular\Event\TimingPointOsu.cpp">
      <Filter>Game Objects\Osu\Singular\Event</Filter>
    </ClCompile>
    <ClCompile Include="GameObjects\Osu\Singular\Hit\HitParamsOsu.cpp">
      <Filter>Game Objects\Osu\Singular\Hit</Filter>
    </ClCompile>
    <ClCompile Include="Helpers\MiscHelper.cpp">
      <Filter>Helpers</Filter>
    </ClCompile>
    <ClCompile Include="GameObjects\Osu\Singular\Event\EventParamsOsu.cpp">
      <Filter>Game Objects\Osu\Singular\Event</Filter>
    </ClCompile>
    <ClCompile Include="GameObjects\Osu\Multiple\EventObjectVectorOsu.cpp">
      <Filter>Game Objects\Osu\Multiple</Filter>
    </ClCompile>
    <ClCompile Include="GameObjects\Osu\Multiple\HitObjectVectorOsu.cpp">
      <Filter>Game Objects\Osu\Multiple</Filter>
    </ClCompile>
    <ClCompile Include="GameObjects\SM\Multiple\EventObjectVectorSM.cpp">
      <Filter>Game Objects\SM\Multiple</Filter>
    </ClCompile>
    <ClCompile Include="GameObjects\SM\Multiple\HitObjectVectorSM.cpp">
      <Filter>Game Objects\SM\Multiple</Filter>
    </ClCompile>
    <ClCompile Include="GameObjects\SM\Singular\Event\EventParamsSM.cpp">
      <Filter>Game Objects\SM\Singular\Event</Filter>
    </ClCompile>
    <ClCompile Include="GameObjects\SM\Singular\Hit\HitParamsSM.cpp">
      <Filter>Game Objects\SM\Singular\Hit</Filter>
    </ClCompile>
    <ClCompile Include="GameObjects\SM\Singular\Hit\LongNoteSM.cpp">
      <Filter>Game Objects\SM\Singular\Hit</Filter>
    </ClCompile>
    <ClCompile Include="GameObjects\SM\Singular\Hit\NormalNoteSM.cpp">
      <Filter>Game Objects\SM\Singular\Hit</Filter>
    </ClCompile>
    <ClCompile Include="GameObjects\SM\Singular\Event\ScrollPointSM.cpp">
      <Filter>Game Objects\SM\Singular\Event</Filter>
    </ClCompile>
    <ClCompile Include="GameObjects\SM\Singular\Event\TimingPointSM.cpp">
      <Filter>Game Objects\SM\Singular\Event</Filter>
    </ClCompile>
    <ClCompile Include="GameObjects\SM\Map\VsrgMapSM.cpp">
      <Filter>Game Objects\SM\Map</Filter>
    </ClCompile>
    <ClCompile Include="GameObjects\SM\Map\VsrgMapSMParams.cpp">
      <Filter>Game Objects\SM\Map</Filter>
    </ClCompile>
    <ClCompile Include="GameObjects\SM\Singular\Hit\RollNoteSM.cpp">
      <Filter>Game Objects\SM\Singular\Hit</Filter>
    </ClCompile>
    <ClCompile Include="GameObjects\SM\Singular\Hit\MineNoteSM.cpp">
      <Filter>Game Objects\SM\Singular\Hit</Filter>
    </ClCompile>
  </ItemGroup>
</Project>